
Microsoft Visual Studio Solution File, Format Version 12.00
Project("{FAE04EC0-301F-11D3-BF4B-00C04F79EFBC}") = "MathLibrary", "MathLibrary\MathLibrary.csproj", "{FCC75AE6-0D7C-4F18-831B-2866F7C8972C}"
EndProject
Global
	GlobalSection(SolutionConfigurationPlatforms) = preSolution
		Debug|Any CPU = Debug|Any CPU
		Release|Any CPU = Release|Any CPU
	EndGlobalSection
	GlobalSection(ProjectConfigurationPlatforms) = postSolution
		{FCC75AE6-0D7C-4F18-831B-2866F7C8972C}.Debug|Any CPU.ActiveCfg = Debug|Any CPU
		{FCC75AE6-0D7C-4F18-831B-2866F7C8972C}.Debug|Any CPU.Build.0 = Debug|Any CPU
		{FCC75AE6-0D7C-4F18-831B-2866F7C8972C}.Release|Any CPU.ActiveCfg = Release|Any CPU
		{FCC75AE6-0D7C-4F18-831B-2866F7C8972C}.Release|Any CPU.Build.0 = Release|Any CPU
	EndGlobalSection
EndGlobal
